
Microsoft Visual Studio Solution File, Format Version 12.00
# Visual Studio Version 17
VisualStudioVersion = 17.0.31903.59
MinimumVisualStudioVersion = 10.0.40219.1
Project("{FAE04EC0-301F-11D3-BF4B-00C04F79EFBC}") = "testC#", "testC#\testC#.csproj", "{D60EE75A-A5F1-4EE4-AA14-079C656FDF31}"
EndProject
Project("{FAE04EC0-301F-11D3-BF4B-00C04F79EFBC}") = "testC#2", "testC#2\testC#2.csproj", "{8C1B230A-0970-49D5-8016-B72A4FA2F6C6}"
EndProject
Global
	GlobalSection(SolutionConfigurationPlatforms) = preSolution
		Debug|Any CPU = Debug|Any CPU
		Release|Any CPU = Release|Any CPU
	EndGlobalSection
	GlobalSection(SolutionProperties) = preSolution
		HideSolutionNode = FALSE
	EndGlobalSection
	GlobalSection(ProjectConfigurationPlatforms) = postSolution
		{C3D8779B-E936-4DBA-A733-AE46184A5BB0}.Debug|Any CPU.ActiveCfg = Debug|Any CPU
		{C3D8779B-E936-4DBA-A733-AE46184A5BB0}.Debug|Any CPU.Build.0 = Debug|Any CPU
		{C3D8779B-E936-4DBA-A733-AE46184A5BB0}.Release|Any CPU.ActiveCfg = Release|Any CPU
		{C3D8779B-E936-4DBA-A733-AE46184A5BB0}.Release|Any CPU.Build.0 = Release|Any CPU
		{AC4EAC7D-C051-481F-AB4A-DD35EF79462E}.Debug|Any CPU.ActiveCfg = Debug|Any CPU
		{AC4EAC7D-C051-481F-AB4A-DD35EF79462E}.Debug|Any CPU.Build.0 = Debug|Any CPU
		{AC4EAC7D-C051-481F-AB4A-DD35EF79462E}.Release|Any CPU.ActiveCfg = Release|Any CPU
		{AC4EAC7D-C051-481F-AB4A-DD35EF79462E}.Release|Any CPU.Build.0 = Release|Any CPU
		{D60EE75A-A5F1-4EE4-AA14-079C656FDF31}.Debug|Any CPU.ActiveCfg = Debug|Any CPU
		{D60EE75A-A5F1-4EE4-AA14-079C656FDF31}.Debug|Any CPU.Build.0 = Debug|Any CPU
		{D60EE75A-A5F1-4EE4-AA14-079C656FDF31}.Release|Any CPU.ActiveCfg = Release|Any CPU
		{D60EE75A-A5F1-4EE4-AA14-079C656FDF31}.Release|Any CPU.Build.0 = Release|Any CPU
		{8C1B230A-0970-49D5-8016-B72A4FA2F6C6}.Debug|Any CPU.ActiveCfg = Debug|Any CPU
		{8C1B230A-0970-49D5-8016-B72A4FA2F6C6}.Debug|Any CPU.Build.0 = Debug|Any CPU
		{8C1B230A-0970-49D5-8016-B72A4FA2F6C6}.Release|Any CPU.ActiveCfg = Release|Any CPU
		{8C1B230A-0970-49D5-8016-B72A4FA2F6C6}.Release|Any CPU.Build.0 = Release|Any CPU
	EndGlobalSection
EndGlobal
